{
  "lockfile_version": "1",
  "packages": {
    "gitAndTools.delta@latest": {
      "last_modified": "2021-01-14T13:26:31Z",
      "resolved": "github:NixOS/nixpkgs/956afcd713a4f94a4acb4460d339dc638bac3d0a#gitAndTools.delta",
      "source": "devbox-search",
      "version": "0.5.1"
    },
    "lazygit@latest": {
      "last_modified": "2024-05-29T10:04:41Z",
      "resolved": "github:NixOS/nixpkgs/ac82a513e55582291805d6f09d35b6d8b60637a1#lazygit",
      "source": "devbox-search",
      "version": "0.42.0",
      "systems": {
        "aarch64-darwin": {
          "outputs": [
            {
              "name": "out",
              "path": "/nix/store/nxhw0ywpka1w8l2mgbcci7bjl89jvgw0-lazygit-0.42.0",
              "default": true
            }
          ],
          "store_path": "/nix/store/nxhw0ywpka1w8l2mgbcci7bjl89jvgw0-lazygit-0.42.0"
        },
        "aarch64-linux": {
          "outputs": [
            {
              "name": "out",
              "path": "/nix/store/yywrid6hniprk2w3l8s3arq1sbnlmyqy-lazygit-0.42.0",
              "default": true
            }
          ],
          "store_path": "/nix/store/yywrid6hniprk2w3l8s3arq1sbnlmyqy-lazygit-0.42.0"
        },
        "x86_64-darwin": {
          "outputs": [
            {
              "name": "out",
              "path": "/nix/store/qizp6hzpi49kac2cnynl3lrgwbc6yg42-lazygit-0.42.0",
              "default": true
            }
          ],
          "store_path": "/nix/store/qizp6hzpi49kac2cnynl3lrgwbc6yg42-lazygit-0.42.0"
        },
        "x86_64-linux": {
          "outputs": [
            {
              "name": "out",
              "path": "/nix/store/27nifhgsj9b4j1scwz9fwgmi7s09k35x-lazygit-0.42.0",
              "default": true
            }
          ],
          "store_path": "/nix/store/27nifhgsj9b4j1scwz9fwgmi7s09k35x-lazygit-0.42.0"
        }
      }
    },
    "megasync@latest": {
      "last_modified": "2024-06-19T22:49:28Z",
      "resolved": "github:NixOS/nixpkgs/98053e7c05285b3079af95e99aef97d9455faef7#megasync",
      "source": "devbox-search",
      "version": "4.9.1.0",
      "systems": {
        "x86_64-linux": {
          "outputs": [
            {
              "name": "out",
              "path": "/nix/store/91ky34vz7i6b9g3dk65y33aha6s24jji-megasync-4.9.1.0",
              "default": true
            }
          ],
          "store_path": "/nix/store/91ky34vz7i6b9g3dk65y33aha6s24jji-megasync-4.9.1.0"
        }
      }
    },
    "neovim@latest": {
      "last_modified": "2024-06-12T20:55:33Z",
      "resolved": "github:NixOS/nixpkgs/a9858885e197f984d92d7fe64e9fff6b2e488d40#neovim",
      "source": "devbox-search",
      "version": "0.10.0",
      "systems": {
        "aarch64-darwin": {
          "outputs": [
            {
              "name": "out",
              "path": "/nix/store/64bn8ps18dpwb6g0pmiwgfq619mlzglm-neovim-0.10.0",
              "default": true
            }
          ],
          "store_path": "/nix/store/64bn8ps18dpwb6g0pmiwgfq619mlzglm-neovim-0.10.0"
        },
        "aarch64-linux": {
          "outputs": [
            {
              "name": "out",
              "path": "/nix/store/wkqgnh2qxbdssgnd98ypls4kb9vg4ahx-neovim-0.10.0",
              "default": true
            }
          ],
          "store_path": "/nix/store/wkqgnh2qxbdssgnd98ypls4kb9vg4ahx-neovim-0.10.0"
        },
        "x86_64-darwin": {
          "outputs": [
            {
              "name": "out",
              "path": "/nix/store/7wi6j05kpzcs90g9g10s5r9dnr8l83a7-neovim-0.10.0",
              "default": true
            }
          ],
          "store_path": "/nix/store/7wi6j05kpzcs90g9g10s5r9dnr8l83a7-neovim-0.10.0"
        },
        "x86_64-linux": {
          "outputs": [
            {
              "name": "out",
              "path": "/nix/store/wv8sifkxz08klx563vsyqfm000gsk34i-neovim-0.10.0",
              "default": true
            }
          ],
          "store_path": "/nix/store/wv8sifkxz08klx563vsyqfm000gsk34i-neovim-0.10.0"
        }
      }
    }
  }
}
