{
  "lockfile_version": "1",
  "packages": {
    "gitAndTools.delta@latest": {
      "last_modified": "2021-01-14T13:26:31Z",
      "resolved": "github:NixOS/nixpkgs/956afcd713a4f94a4acb4460d339dc638bac3d0a#gitAndTools.delta",
      "source": "devbox-search",
      "version": "0.5.1"
    },
    "lazygit@latest": {
      "last_modified": "2024-10-13T23:44:06Z",
      "resolved": "github:NixOS/nixpkgs/d4f247e89f6e10120f911e2e2d2254a050d0f732#lazygit",
      "source": "devbox-search",
      "version": "0.44.1",
      "systems": {
        "aarch64-darwin": {
          "outputs": [
            {
              "name": "out",
              "path": "/nix/store/r6m396d3p1j44gvcz71280pd00p3s8h1-lazygit-0.44.1",
              "default": true
            }
          ],
          "store_path": "/nix/store/r6m396d3p1j44gvcz71280pd00p3s8h1-lazygit-0.44.1"
        },
        "aarch64-linux": {
          "outputs": [
            {
              "name": "out",
              "path": "/nix/store/h5y2xqdg6zq5anr8n8sxzcfz7fsyd87a-lazygit-0.44.1",
              "default": true
            }
          ],
          "store_path": "/nix/store/h5y2xqdg6zq5anr8n8sxzcfz7fsyd87a-lazygit-0.44.1"
        },
        "x86_64-darwin": {
          "outputs": [
            {
              "name": "out",
              "path": "/nix/store/y1zvi7gp8fpzinplp39j2nx7sx6q9bwb-lazygit-0.44.1",
              "default": true
            }
          ],
          "store_path": "/nix/store/y1zvi7gp8fpzinplp39j2nx7sx6q9bwb-lazygit-0.44.1"
        },
        "x86_64-linux": {
          "outputs": [
            {
              "name": "out",
              "path": "/nix/store/lcqdd1bfh4r3gfnl6x7m16kwfiw1zzpj-lazygit-0.44.1",
              "default": true
            }
          ],
          "store_path": "/nix/store/lcqdd1bfh4r3gfnl6x7m16kwfiw1zzpj-lazygit-0.44.1"
        }
      }
    },
    "neovim@latest": {
      "last_modified": "2024-10-23T04:36:58Z",
      "resolved": "github:NixOS/nixpkgs/dfffb2e7a52d29a0ef8e21ec8a0f30487b227f1a#neovim",
      "source": "devbox-search",
      "version": "0.10.2",
      "systems": {
        "aarch64-darwin": {
          "outputs": [
            {
              "name": "out",
              "path": "/nix/store/0q5xcprv1w34mlwfymjamhzdlsfkh2r4-neovim-0.10.2",
              "default": true
            }
          ],
          "store_path": "/nix/store/0q5xcprv1w34mlwfymjamhzdlsfkh2r4-neovim-0.10.2"
        },
        "aarch64-linux": {
          "outputs": [
            {
              "name": "out",
              "path": "/nix/store/gbp6hda1gvmd4d779188f2siqxbllf4s-neovim-0.10.2",
              "default": true
            }
          ],
          "store_path": "/nix/store/gbp6hda1gvmd4d779188f2siqxbllf4s-neovim-0.10.2"
        },
        "x86_64-darwin": {
          "outputs": [
            {
              "name": "out",
              "path": "/nix/store/x537f88g1fbf25dmpr4f0x6x0kss4jzg-neovim-0.10.2",
              "default": true
            }
          ],
          "store_path": "/nix/store/x537f88g1fbf25dmpr4f0x6x0kss4jzg-neovim-0.10.2"
        },
        "x86_64-linux": {
          "outputs": [
            {
              "name": "out",
              "path": "/nix/store/qh941hn5i8bc90zxl1sklvv9m9c50pp0-neovim-0.10.2",
              "default": true
            }
          ],
          "store_path": "/nix/store/qh941hn5i8bc90zxl1sklvv9m9c50pp0-neovim-0.10.2"
        }
      }
    },
    "rbw@latest": {
      "last_modified": "2024-09-10T15:01:03Z",
      "resolved": "github:NixOS/nixpkgs/5ed627539ac84809c78b2dd6d26a5cebeb5ae269#rbw",
      "source": "devbox-search",
      "version": "1.12.1",
      "systems": {
        "aarch64-darwin": {
          "outputs": [
            {
              "name": "out",
              "path": "/nix/store/nsw10n98gg2l49as4wl24ssnfxg74cgm-rbw-1.12.1",
              "default": true
            }
          ],
          "store_path": "/nix/store/nsw10n98gg2l49as4wl24ssnfxg74cgm-rbw-1.12.1"
        },
        "aarch64-linux": {
          "outputs": [
            {
              "name": "out",
              "path": "/nix/store/08pf3cgji2x1pa5i1v29rixpfs1f38js-rbw-1.12.1",
              "default": true
            }
          ],
          "store_path": "/nix/store/08pf3cgji2x1pa5i1v29rixpfs1f38js-rbw-1.12.1"
        },
        "x86_64-darwin": {
          "outputs": [
            {
              "name": "out",
              "path": "/nix/store/w6imr714n4vx21sbfqvcpdywhqr8gm49-rbw-1.12.1",
              "default": true
            }
          ],
          "store_path": "/nix/store/w6imr714n4vx21sbfqvcpdywhqr8gm49-rbw-1.12.1"
        },
        "x86_64-linux": {
          "outputs": [
            {
              "name": "out",
              "path": "/nix/store/7zmcnadipgl7ddl2hrfrlbryygv5v139-rbw-1.12.1",
              "default": true
            }
          ],
          "store_path": "/nix/store/7zmcnadipgl7ddl2hrfrlbryygv5v139-rbw-1.12.1"
        }
      }
    },
    "rclone@latest": {
      "last_modified": "2024-10-13T23:44:06Z",
      "resolved": "github:NixOS/nixpkgs/d4f247e89f6e10120f911e2e2d2254a050d0f732#rclone",
      "source": "devbox-search",
      "version": "1.68.1",
      "systems": {
        "aarch64-darwin": {
          "outputs": [
            {
              "name": "out",
              "path": "/nix/store/hil7hnwqvipxrx0zpnafp4qy57qzcmfk-rclone-1.68.1",
              "default": true
            },
            {
              "name": "man",
              "path": "/nix/store/8arlzzhzvr3zq26d2swx6l2f2qlr41nm-rclone-1.68.1-man",
              "default": true
            }
          ],
          "store_path": "/nix/store/hil7hnwqvipxrx0zpnafp4qy57qzcmfk-rclone-1.68.1"
        },
        "aarch64-linux": {
          "outputs": [
            {
              "name": "out",
              "path": "/nix/store/nniin9s25p512ld0gdjnqp3a576aj17k-rclone-1.68.1",
              "default": true
            },
            {
              "name": "man",
              "path": "/nix/store/6cx6gmncwd60hw73r65x45l3g9wx4fdm-rclone-1.68.1-man",
              "default": true
            }
          ],
          "store_path": "/nix/store/nniin9s25p512ld0gdjnqp3a576aj17k-rclone-1.68.1"
        },
        "x86_64-darwin": {
          "outputs": [
            {
              "name": "out",
              "path": "/nix/store/vk8pb7gi7qw6kczhs411q37qxd01ppf3-rclone-1.68.1",
              "default": true
            },
            {
              "name": "man",
              "path": "/nix/store/ri4zpa4pw4xzj0agc4r8yfxmwrn36aq3-rclone-1.68.1-man",
              "default": true
            }
          ],
          "store_path": "/nix/store/vk8pb7gi7qw6kczhs411q37qxd01ppf3-rclone-1.68.1"
        },
        "x86_64-linux": {
          "outputs": [
            {
              "name": "out",
              "path": "/nix/store/54ij452mrzfw65y379906m6vq0qj7j63-rclone-1.68.1",
              "default": true
            },
            {
              "name": "man",
              "path": "/nix/store/hv6fhmw8g6il24ivd6sgmjslpbx1dkcg-rclone-1.68.1-man",
              "default": true
            }
          ],
          "store_path": "/nix/store/54ij452mrzfw65y379906m6vq0qj7j63-rclone-1.68.1"
        }
      }
    }
  }
}
